
Microsoft Visual Studio Solution File, Format Version 12.00
# Visual Studio Version 17
VisualStudioVersion = 17.5.33424.131
MinimumVisualStudioVersion = 10.0.40219.1
Project("{2150E333-8FDC-42A3-9474-1A3956D46DE8}") = "ms.users", "ms.users", "{74FF6EC4-D2A6-4658-A851-C89F8A40E5DC}"
EndProject
Project("{9A19103F-16F7-4668-BE54-9A1E7A4F7556}") = "ms.users.domain", "ms.users\ms.users.domain\ms.users.domain.csproj", "{E8FE7F55-5C72-453C-9530-A58AA70C4D30}"
EndProject
Project("{9A19103F-16F7-4668-BE54-9A1E7A4F7556}") = "ms.users.infrastructure", "ms.users\ms.users.infrastructure\ms.users.infrastructure.csproj", "{09E3D308-47DF-451D-9BBC-7ED44815BB02}"
EndProject
Project("{9A19103F-16F7-4668-BE54-9A1E7A4F7556}") = "ms.users.application", "ms.users\ms.users.application\ms.users.application.csproj", "{76F01B2A-A6C2-48F4-ABDF-E632ECE8E5F8}"
EndProject
Project("{9A19103F-16F7-4668-BE54-9A1E7A4F7556}") = "ms.users.api", "ms.users\ms.users.api\ms.users.api.csproj", "{17690CDB-E1C8-4966-A2C8-6E6D1847CDAB}"
EndProject
Project("{E53339B2-1760-4266-BCC7-CA923CBCF16C}") = "docker-compose", "docker-compose.dcproj", "{166ABBCB-CA35-406C-A478-1EAB6B470173}"
EndProject
Project("{2150E333-8FDC-42A3-9474-1A3956D46DE8}") = "ms.employees", "ms.employees", "{33A7E853-1C2D-4364-84F8-FF3ACD597498}"
EndProject
Project("{FAE04EC0-301F-11D3-BF4B-00C04F79EFBC}") = "ms.employees.domain", "ms.employees\ms.employees.domain\ms.employees.domain.csproj", "{5ED56313-6C32-4D9A-8FEA-FFC562770A63}"
EndProject
Project("{FAE04EC0-301F-11D3-BF4B-00C04F79EFBC}") = "ms.employees.infrastructure", "ms.employees\ms.employees.infrastructure\ms.employees.infrastructure.csproj", "{94BCFDE2-C735-4291-A185-FDB1C4682248}"
EndProject
Project("{FAE04EC0-301F-11D3-BF4B-00C04F79EFBC}") = "ms.employees.application", "ms.employees\ms.employees.application\ms.employees.application.csproj", "{391954AD-2837-4429-A020-BD2C1166D7E4}"
EndProject
Project("{FAE04EC0-301F-11D3-BF4B-00C04F79EFBC}") = "ms.employees.api", "ms.employees\ms.employees.api\ms.employees.api.csproj", "{A3774A8A-B973-4867-839C-50F303FE03AC}"
EndProject
Global
	GlobalSection(SolutionConfigurationPlatforms) = preSolution
		Debug|Any CPU = Debug|Any CPU
		Release|Any CPU = Release|Any CPU
	EndGlobalSection
	GlobalSection(ProjectConfigurationPlatforms) = postSolution
		{E8FE7F55-5C72-453C-9530-A58AA70C4D30}.Debug|Any CPU.ActiveCfg = Debug|Any CPU
		{E8FE7F55-5C72-453C-9530-A58AA70C4D30}.Debug|Any CPU.Build.0 = Debug|Any CPU
		{E8FE7F55-5C72-453C-9530-A58AA70C4D30}.Release|Any CPU.ActiveCfg = Release|Any CPU
		{E8FE7F55-5C72-453C-9530-A58AA70C4D30}.Release|Any CPU.Build.0 = Release|Any CPU
		{09E3D308-47DF-451D-9BBC-7ED44815BB02}.Debug|Any CPU.ActiveCfg = Debug|Any CPU
		{09E3D308-47DF-451D-9BBC-7ED44815BB02}.Debug|Any CPU.Build.0 = Debug|Any CPU
		{09E3D308-47DF-451D-9BBC-7ED44815BB02}.Release|Any CPU.ActiveCfg = Release|Any CPU
		{09E3D308-47DF-451D-9BBC-7ED44815BB02}.Release|Any CPU.Build.0 = Release|Any CPU
		{76F01B2A-A6C2-48F4-ABDF-E632ECE8E5F8}.Debug|Any CPU.ActiveCfg = Debug|Any CPU
		{76F01B2A-A6C2-48F4-ABDF-E632ECE8E5F8}.Debug|Any CPU.Build.0 = Debug|Any CPU
		{76F01B2A-A6C2-48F4-ABDF-E632ECE8E5F8}.Release|Any CPU.ActiveCfg = Release|Any CPU
		{76F01B2A-A6C2-48F4-ABDF-E632ECE8E5F8}.Release|Any CPU.Build.0 = Release|Any CPU
		{17690CDB-E1C8-4966-A2C8-6E6D1847CDAB}.Debug|Any CPU.ActiveCfg = Debug|Any CPU
		{17690CDB-E1C8-4966-A2C8-6E6D1847CDAB}.Debug|Any CPU.Build.0 = Debug|Any CPU
		{17690CDB-E1C8-4966-A2C8-6E6D1847CDAB}.Release|Any CPU.ActiveCfg = Release|Any CPU
		{17690CDB-E1C8-4966-A2C8-6E6D1847CDAB}.Release|Any CPU.Build.0 = Release|Any CPU
		{166ABBCB-CA35-406C-A478-1EAB6B470173}.Debug|Any CPU.ActiveCfg = Debug|Any CPU
		{166ABBCB-CA35-406C-A478-1EAB6B470173}.Debug|Any CPU.Build.0 = Debug|Any CPU
		{166ABBCB-CA35-406C-A478-1EAB6B470173}.Release|Any CPU.ActiveCfg = Release|Any CPU
		{166ABBCB-CA35-406C-A478-1EAB6B470173}.Release|Any CPU.Build.0 = Release|Any CPU
		{5ED56313-6C32-4D9A-8FEA-FFC562770A63}.Debug|Any CPU.ActiveCfg = Debug|Any CPU
		{5ED56313-6C32-4D9A-8FEA-FFC562770A63}.Debug|Any CPU.Build.0 = Debug|Any CPU
		{5ED56313-6C32-4D9A-8FEA-FFC562770A63}.Release|Any CPU.ActiveCfg = Release|Any CPU
		{5ED56313-6C32-4D9A-8FEA-FFC562770A63}.Release|Any CPU.Build.0 = Release|Any CPU
		{94BCFDE2-C735-4291-A185-FDB1C4682248}.Debug|Any CPU.ActiveCfg = Debug|Any CPU
		{94BCFDE2-C735-4291-A185-FDB1C4682248}.Debug|Any CPU.Build.0 = Debug|Any CPU
		{94BCFDE2-C735-4291-A185-FDB1C4682248}.Release|Any CPU.ActiveCfg = Release|Any CPU
		{94BCFDE2-C735-4291-A185-FDB1C4682248}.Release|Any CPU.Build.0 = Release|Any CPU
		{391954AD-2837-4429-A020-BD2C1166D7E4}.Debug|Any CPU.ActiveCfg = Debug|Any CPU
		{391954AD-2837-4429-A020-BD2C1166D7E4}.Debug|Any CPU.Build.0 = Debug|Any CPU
		{391954AD-2837-4429-A020-BD2C1166D7E4}.Release|Any CPU.ActiveCfg = Release|Any CPU
		{391954AD-2837-4429-A020-BD2C1166D7E4}.Release|Any CPU.Build.0 = Release|Any CPU
		{A3774A8A-B973-4867-839C-50F303FE03AC}.Debug|Any CPU.ActiveCfg = Debug|Any CPU
		{A3774A8A-B973-4867-839C-50F303FE03AC}.Debug|Any CPU.Build.0 = Debug|Any CPU
		{A3774A8A-B973-4867-839C-50F303FE03AC}.Release|Any CPU.ActiveCfg = Release|Any CPU
		{A3774A8A-B973-4867-839C-50F303FE03AC}.Release|Any CPU.Build.0 = Release|Any CPU
	EndGlobalSection
	GlobalSection(SolutionProperties) = preSolution
		HideSolutionNode = FALSE
	EndGlobalSection
	GlobalSection(NestedProjects) = preSolution
		{E8FE7F55-5C72-453C-9530-A58AA70C4D30} = {74FF6EC4-D2A6-4658-A851-C89F8A40E5DC}
		{09E3D308-47DF-451D-9BBC-7ED44815BB02} = {74FF6EC4-D2A6-4658-A851-C89F8A40E5DC}
		{76F01B2A-A6C2-48F4-ABDF-E632ECE8E5F8} = {74FF6EC4-D2A6-4658-A851-C89F8A40E5DC}
		{17690CDB-E1C8-4966-A2C8-6E6D1847CDAB} = {74FF6EC4-D2A6-4658-A851-C89F8A40E5DC}
		{5ED56313-6C32-4D9A-8FEA-FFC562770A63} = {33A7E853-1C2D-4364-84F8-FF3ACD597498}
		{94BCFDE2-C735-4291-A185-FDB1C4682248} = {33A7E853-1C2D-4364-84F8-FF3ACD597498}
		{391954AD-2837-4429-A020-BD2C1166D7E4} = {33A7E853-1C2D-4364-84F8-FF3ACD597498}
		{A3774A8A-B973-4867-839C-50F303FE03AC} = {33A7E853-1C2D-4364-84F8-FF3ACD597498}
	EndGlobalSection
	GlobalSection(ExtensibilityGlobals) = postSolution
		SolutionGuid = {43813546-712A-48F5-BE39-2365D53BE8DE}
	EndGlobalSection
EndGlobal
